
Microsoft Visual Studio Solution File, Format Version 12.00
# Visual Studio Version 16
VisualStudioVersion = 16.0.29123.88
MinimumVisualStudioVersion = 10.0.40219.1
Project("{FAE04EC0-301F-11D3-BF4B-00C04F79EFBC}") = "ConsoleMathApp", "ConsoleMathApp\ConsoleMathApp.csproj", "{AC643A02-00FD-4608-A347-7CC1AF309C14}"
EndProject
Global
	GlobalSection(SolutionConfigurationPlatforms) = preSolution
		Debug|Any CPU = Debug|Any CPU
		Release|Any CPU = Release|Any CPU
	EndGlobalSection
	GlobalSection(ProjectConfigurationPlatforms) = postSolution
		{AC643A02-00FD-4608-A347-7CC1AF309C14}.Debug|Any CPU.ActiveCfg = Debug|Any CPU
		{AC643A02-00FD-4608-A347-7CC1AF309C14}.Debug|Any CPU.Build.0 = Debug|Any CPU
		{AC643A02-00FD-4608-A347-7CC1AF309C14}.Release|Any CPU.ActiveCfg = Release|Any CPU
		{AC643A02-00FD-4608-A347-7CC1AF309C14}.Release|Any CPU.Build.0 = Release|Any CPU
	EndGlobalSection
	GlobalSection(SolutionProperties) = preSolution
		HideSolutionNode = FALSE
	EndGlobalSection
	GlobalSection(ExtensibilityGlobals) = postSolution
		SolutionGuid = {A3EA9FFB-D61E-48B6-A7EE-95C68493579F}
	EndGlobalSection
EndGlobal
