
Microsoft Visual Studio Solution File, Format Version 12.00
# Visual Studio Version 16
VisualStudioVersion = 16.0.29123.88
MinimumVisualStudioVersion = 10.0.40219.1
Project("{FAE04EC0-301F-11D3-BF4B-00C04F79EFBC}") = "IntAppPg106", "IntAppPg106\IntAppPg106.csproj", "{57C66A25-368E-4D13-8900-F3CD2D863448}"
EndProject
Global
	GlobalSection(SolutionConfigurationPlatforms) = preSolution
		Debug|Any CPU = Debug|Any CPU
		Release|Any CPU = Release|Any CPU
	EndGlobalSection
	GlobalSection(ProjectConfigurationPlatforms) = postSolution
		{57C66A25-368E-4D13-8900-F3CD2D863448}.Debug|Any CPU.ActiveCfg = Debug|Any CPU
		{57C66A25-368E-4D13-8900-F3CD2D863448}.Debug|Any CPU.Build.0 = Debug|Any CPU
		{57C66A25-368E-4D13-8900-F3CD2D863448}.Release|Any CPU.ActiveCfg = Release|Any CPU
		{57C66A25-368E-4D13-8900-F3CD2D863448}.Release|Any CPU.Build.0 = Release|Any CPU
	EndGlobalSection
	GlobalSection(SolutionProperties) = preSolution
		HideSolutionNode = FALSE
	EndGlobalSection
	GlobalSection(ExtensibilityGlobals) = postSolution
		SolutionGuid = {7A28C5D9-79EB-4399-B903-BEECFBBD6A27}
	EndGlobalSection
EndGlobal
