
Microsoft Visual Studio Solution File, Format Version 12.00
# Visual Studio Version 16
VisualStudioVersion = 16.0.29123.88
MinimumVisualStudioVersion = 10.0.40219.1
Project("{FAE04EC0-301F-11D3-BF4B-00C04F79EFBC}") = "ConsoleAppPg114", "ConsoleAppPg114\ConsoleAppPg114.csproj", "{F7269697-5519-472A-BEB0-E4090F6E1282}"
EndProject
Global
	GlobalSection(SolutionConfigurationPlatforms) = preSolution
		Debug|Any CPU = Debug|Any CPU
		Release|Any CPU = Release|Any CPU
	EndGlobalSection
	GlobalSection(ProjectConfigurationPlatforms) = postSolution
		{F7269697-5519-472A-BEB0-E4090F6E1282}.Debug|Any CPU.ActiveCfg = Debug|Any CPU
		{F7269697-5519-472A-BEB0-E4090F6E1282}.Debug|Any CPU.Build.0 = Debug|Any CPU
		{F7269697-5519-472A-BEB0-E4090F6E1282}.Release|Any CPU.ActiveCfg = Release|Any CPU
		{F7269697-5519-472A-BEB0-E4090F6E1282}.Release|Any CPU.Build.0 = Release|Any CPU
	EndGlobalSection
	GlobalSection(SolutionProperties) = preSolution
		HideSolutionNode = FALSE
	EndGlobalSection
	GlobalSection(ExtensibilityGlobals) = postSolution
		SolutionGuid = {7A08747D-D928-4D1A-86DB-635498C99976}
	EndGlobalSection
EndGlobal
