
Microsoft Visual Studio Solution File, Format Version 12.00
# Visual Studio Version 16
VisualStudioVersion = 16.0.29123.88
MinimumVisualStudioVersion = 10.0.40219.1
Project("{FAE04EC0-301F-11D3-BF4B-00C04F79EFBC}") = "ConsoleAppPg140", "ConsoleAppPg140\ConsoleAppPg140.csproj", "{CCF3D76E-5463-401A-9D58-2F65D208F538}"
EndProject
Global
	GlobalSection(SolutionConfigurationPlatforms) = preSolution
		Debug|Any CPU = Debug|Any CPU
		Release|Any CPU = Release|Any CPU
	EndGlobalSection
	GlobalSection(ProjectConfigurationPlatforms) = postSolution
		{CCF3D76E-5463-401A-9D58-2F65D208F538}.Debug|Any CPU.ActiveCfg = Debug|Any CPU
		{CCF3D76E-5463-401A-9D58-2F65D208F538}.Debug|Any CPU.Build.0 = Debug|Any CPU
		{CCF3D76E-5463-401A-9D58-2F65D208F538}.Release|Any CPU.ActiveCfg = Release|Any CPU
		{CCF3D76E-5463-401A-9D58-2F65D208F538}.Release|Any CPU.Build.0 = Release|Any CPU
	EndGlobalSection
	GlobalSection(SolutionProperties) = preSolution
		HideSolutionNode = FALSE
	EndGlobalSection
	GlobalSection(ExtensibilityGlobals) = postSolution
		SolutionGuid = {35FE0901-952E-44BF-B0B4-1E1712EEA4EB}
	EndGlobalSection
EndGlobal
