
Microsoft Visual Studio Solution File, Format Version 12.00
# Visual Studio Version 16
VisualStudioVersion = 16.0.29123.88
MinimumVisualStudioVersion = 10.0.40219.1
Project("{FAE04EC0-301F-11D3-BF4B-00C04F79EFBC}") = "NameGameDoWhile", "NameGameDoWhile\NameGameDoWhile.csproj", "{5A732FBC-5EA4-4A2C-A410-8979AE74BF01}"
EndProject
Global
	GlobalSection(SolutionConfigurationPlatforms) = preSolution
		Debug|Any CPU = Debug|Any CPU
		Release|Any CPU = Release|Any CPU
	EndGlobalSection
	GlobalSection(ProjectConfigurationPlatforms) = postSolution
		{5A732FBC-5EA4-4A2C-A410-8979AE74BF01}.Debug|Any CPU.ActiveCfg = Debug|Any CPU
		{5A732FBC-5EA4-4A2C-A410-8979AE74BF01}.Debug|Any CPU.Build.0 = Debug|Any CPU
		{5A732FBC-5EA4-4A2C-A410-8979AE74BF01}.Release|Any CPU.ActiveCfg = Release|Any CPU
		{5A732FBC-5EA4-4A2C-A410-8979AE74BF01}.Release|Any CPU.Build.0 = Release|Any CPU
	EndGlobalSection
	GlobalSection(SolutionProperties) = preSolution
		HideSolutionNode = FALSE
	EndGlobalSection
	GlobalSection(ExtensibilityGlobals) = postSolution
		SolutionGuid = {B8E214F6-26C4-4BED-B66A-17B85D0200AC}
	EndGlobalSection
EndGlobal
